
Microsoft Visual Studio Solution File, Format Version 12.00
# Visual Studio 15
VisualStudioVersion = 15.0.26730.16
MinimumVisualStudioVersion = 10.0.40219.1
Project("{FAE04EC0-301F-11D3-BF4B-00C04F79EFBC}") = "BFSShortestPathUndirectedGraph", "BFSShortestPathUndirectedGraph\BFSShortestPathUndirectedGraph.csproj", "{2254EE6C-D673-466F-8722-58173CA3FF15}"
EndProject
Project("{FAE04EC0-301F-11D3-BF4B-00C04F79EFBC}") = "DFSSearchUndirectedGraph", "DFSSearchGraph\DFSSearchUndirectedGraph.csproj", "{FB0DE712-5725-43BD-9284-12575FD08793}"
EndProject
Project("{FAE04EC0-301F-11D3-BF4B-00C04F79EFBC}") = "JoinToTheMoon", "JoinToTheMoon\JoinToTheMoon.csproj", "{D4A3E507-D0B1-4E7F-BF09-0A41396C46D5}"
EndProject
Project("{FAE04EC0-301F-11D3-BF4B-00C04F79EFBC}") = "BFSShortestReach", "BFSShortestReach\BFSShortestReach.csproj", "{786C44E1-47DE-46ED-97C3-878F3FCBD701}"
EndProject
Project("{FAE04EC0-301F-11D3-BF4B-00C04F79EFBC}") = "DijkstraShortestReach", "DijkstraShortestReach\DijkstraShortestReach.csproj", "{F049AB75-595D-45F7-AE7D-CB5D2CC0EA5A}"
EndProject
Project("{FAE04EC0-301F-11D3-BF4B-00C04F79EFBC}") = "prjDrones", "prjDrones\prjDrones.csproj", "{E2B89D83-6C8D-4E29-80AF-223352C572C7}"
EndProject
Project("{FAE04EC0-301F-11D3-BF4B-00C04F79EFBC}") = "prjDelivery", "prjDelivery\prjDelivery.csproj", "{8240A6DA-87A5-4F9B-A565-FE15D791E126}"
EndProject
Global
	GlobalSection(SolutionConfigurationPlatforms) = preSolution
		Debug|Any CPU = Debug|Any CPU
		Release|Any CPU = Release|Any CPU
	EndGlobalSection
	GlobalSection(ProjectConfigurationPlatforms) = postSolution
		{2254EE6C-D673-466F-8722-58173CA3FF15}.Debug|Any CPU.ActiveCfg = Debug|Any CPU
		{2254EE6C-D673-466F-8722-58173CA3FF15}.Debug|Any CPU.Build.0 = Debug|Any CPU
		{2254EE6C-D673-466F-8722-58173CA3FF15}.Release|Any CPU.ActiveCfg = Release|Any CPU
		{2254EE6C-D673-466F-8722-58173CA3FF15}.Release|Any CPU.Build.0 = Release|Any CPU
		{FB0DE712-5725-43BD-9284-12575FD08793}.Debug|Any CPU.ActiveCfg = Debug|Any CPU
		{FB0DE712-5725-43BD-9284-12575FD08793}.Debug|Any CPU.Build.0 = Debug|Any CPU
		{FB0DE712-5725-43BD-9284-12575FD08793}.Release|Any CPU.ActiveCfg = Release|Any CPU
		{FB0DE712-5725-43BD-9284-12575FD08793}.Release|Any CPU.Build.0 = Release|Any CPU
		{D4A3E507-D0B1-4E7F-BF09-0A41396C46D5}.Debug|Any CPU.ActiveCfg = Debug|Any CPU
		{D4A3E507-D0B1-4E7F-BF09-0A41396C46D5}.Debug|Any CPU.Build.0 = Debug|Any CPU
		{D4A3E507-D0B1-4E7F-BF09-0A41396C46D5}.Release|Any CPU.ActiveCfg = Release|Any CPU
		{D4A3E507-D0B1-4E7F-BF09-0A41396C46D5}.Release|Any CPU.Build.0 = Release|Any CPU
		{786C44E1-47DE-46ED-97C3-878F3FCBD701}.Debug|Any CPU.ActiveCfg = Debug|Any CPU
		{786C44E1-47DE-46ED-97C3-878F3FCBD701}.Debug|Any CPU.Build.0 = Debug|Any CPU
		{786C44E1-47DE-46ED-97C3-878F3FCBD701}.Release|Any CPU.ActiveCfg = Release|Any CPU
		{786C44E1-47DE-46ED-97C3-878F3FCBD701}.Release|Any CPU.Build.0 = Release|Any CPU
		{F049AB75-595D-45F7-AE7D-CB5D2CC0EA5A}.Debug|Any CPU.ActiveCfg = Debug|Any CPU
		{F049AB75-595D-45F7-AE7D-CB5D2CC0EA5A}.Debug|Any CPU.Build.0 = Debug|Any CPU
		{F049AB75-595D-45F7-AE7D-CB5D2CC0EA5A}.Release|Any CPU.ActiveCfg = Release|Any CPU
		{F049AB75-595D-45F7-AE7D-CB5D2CC0EA5A}.Release|Any CPU.Build.0 = Release|Any CPU
		{E2B89D83-6C8D-4E29-80AF-223352C572C7}.Debug|Any CPU.ActiveCfg = Debug|Any CPU
		{E2B89D83-6C8D-4E29-80AF-223352C572C7}.Debug|Any CPU.Build.0 = Debug|Any CPU
		{E2B89D83-6C8D-4E29-80AF-223352C572C7}.Release|Any CPU.ActiveCfg = Release|Any CPU
		{E2B89D83-6C8D-4E29-80AF-223352C572C7}.Release|Any CPU.Build.0 = Release|Any CPU
		{8240A6DA-87A5-4F9B-A565-FE15D791E126}.Debug|Any CPU.ActiveCfg = Debug|Any CPU
		{8240A6DA-87A5-4F9B-A565-FE15D791E126}.Debug|Any CPU.Build.0 = Debug|Any CPU
		{8240A6DA-87A5-4F9B-A565-FE15D791E126}.Release|Any CPU.ActiveCfg = Release|Any CPU
		{8240A6DA-87A5-4F9B-A565-FE15D791E126}.Release|Any CPU.Build.0 = Release|Any CPU
	EndGlobalSection
	GlobalSection(SolutionProperties) = preSolution
		HideSolutionNode = FALSE
	EndGlobalSection
	GlobalSection(ExtensibilityGlobals) = postSolution
		SolutionGuid = {5C4F7648-90CC-437B-846E-CF615C8547A3}
	EndGlobalSection
EndGlobal
